
Microsoft Visual Studio Solution File, Format Version 12.00
# Visual Studio Version 17
VisualStudioVersion = 17.0.32014.148
MinimumVisualStudioVersion = 10.0.40219.1
Project("{FAE04EC0-301F-11D3-BF4B-00C04F79EFBC}") = "APIService", "APIService\APIService.csproj", "{A9E1F379-6053-4A24-BC3B-14BA98AD13B9}"
EndProject
Global
	GlobalSection(SolutionConfigurationPlatforms) = preSolution
		Debug|Any CPU = Debug|Any CPU
		Release|Any CPU = Release|Any CPU
	EndGlobalSection
	GlobalSection(ProjectConfigurationPlatforms) = postSolution
		{A9E1F379-6053-4A24-BC3B-14BA98AD13B9}.Debug|Any CPU.ActiveCfg = Debug|Any CPU
		{A9E1F379-6053-4A24-BC3B-14BA98AD13B9}.Debug|Any CPU.Build.0 = Debug|Any CPU
		{A9E1F379-6053-4A24-BC3B-14BA98AD13B9}.Release|Any CPU.ActiveCfg = Release|Any CPU
		{A9E1F379-6053-4A24-BC3B-14BA98AD13B9}.Release|Any CPU.Build.0 = Release|Any CPU
	EndGlobalSection
	GlobalSection(SolutionProperties) = preSolution
		HideSolutionNode = FALSE
	EndGlobalSection
	GlobalSection(ExtensibilityGlobals) = postSolution
		SolutionGuid = {E9C77A4B-29DD-40EA-AB60-8B2E88E64A94}
	EndGlobalSection
EndGlobal
